# This file is automatically @generated by Cargo.
# It is not intended for manual editing.
version = 4

[[package]]
name = "forge-common"
version = "0.0.0"

[[package]]
name = "forge-gateway"
version = "0.0.0"

[[package]]
name = "forge-protocol"
version = "0.0.0"

[[package]]
name = "forge-router"
version = "0.0.0"

[[package]]
name = "forge-telemetry"
version = "0.0.0"

[[package]]
name = "forge-worker-client"
version = "0.0.0"
